
Microsoft Visual Studio Solution File, Format Version 12.00
# Visual Studio Version 17
VisualStudioVersion = 17.0.31903.59
MinimumVisualStudioVersion = 10.0.40219.1
Project("{2150E333-8FDC-42A3-9474-1A3956D46DE8}") = "Apps", "Apps", "{8C81EAE9-533D-4FC3-92AF-39F793EBE43D}"
EndProject
Project("{2150E333-8FDC-42A3-9474-1A3956D46DE8}") = "Customs", "Customs", "{1341E57B-51CF-4CED-81E0-88A9909E3933}"
EndProject
Project("{FAE04EC0-301F-11D3-BF4B-00C04F79EFBC}") = "SES.Customs.API", "Apps\Customs\SES.Customs.API\SES.Customs.API.csproj", "{B7403934-FB25-4660-ACFE-0534E63933B6}"
EndProject
Project("{FAE04EC0-301F-11D3-BF4B-00C04F79EFBC}") = "SES.Customs.Core", "Apps\Customs\SES.Customs.Core\SES.Customs.Core.csproj", "{8FF41627-EA86-48F7-804B-E695D0E32A13}"
EndProject
Project("{FAE04EC0-301F-11D3-BF4B-00C04F79EFBC}") = "SES.Customs.Infrastructure", "Apps\Customs\SES.Customs.Infrastructure\SES.Customs.Infrastructure.csproj", "{3A29602E-8F32-45CA-9319-B890E2CF3484}"
EndProject
Project("{2150E333-8FDC-42A3-9474-1A3956D46DE8}") = "Library", "Library", "{2D08F51D-8E9E-4F3F-8445-3324C50ABAC9}"
EndProject
Project("{FAE04EC0-301F-11D3-BF4B-00C04F79EFBC}") = "SES.Customs.Common", "Apps\Library\SES.Customs.Common\SES.Customs.Common.csproj", "{13A07F27-08CE-4A28-A5B9-D2E7E4E13724}"
EndProject
Project("{2150E333-8FDC-42A3-9474-1A3956D46DE8}") = "Tests", "Tests", "{E62AF5F9-D9DA-44A1-8888-CCBFFAE763E8}"
EndProject
Project("{FAE04EC0-301F-11D3-BF4B-00C04F79EFBC}") = "SES.Customs.Tests", "Tests\SES.Customs.Tests\SES.Customs.Tests.csproj", "{1B7BA388-DC5E-4E2F-B00A-113710BBBC7C}"
EndProject
Global
	GlobalSection(SolutionConfigurationPlatforms) = preSolution
		Debug|Any CPU = Debug|Any CPU
		Release|Any CPU = Release|Any CPU
	EndGlobalSection
	GlobalSection(SolutionProperties) = preSolution
		HideSolutionNode = FALSE
	EndGlobalSection
	GlobalSection(ProjectConfigurationPlatforms) = postSolution
		{B7403934-FB25-4660-ACFE-0534E63933B6}.Debug|Any CPU.ActiveCfg = Debug|Any CPU
		{B7403934-FB25-4660-ACFE-0534E63933B6}.Debug|Any CPU.Build.0 = Debug|Any CPU
		{B7403934-FB25-4660-ACFE-0534E63933B6}.Release|Any CPU.ActiveCfg = Release|Any CPU
		{B7403934-FB25-4660-ACFE-0534E63933B6}.Release|Any CPU.Build.0 = Release|Any CPU
		{8FF41627-EA86-48F7-804B-E695D0E32A13}.Debug|Any CPU.ActiveCfg = Debug|Any CPU
		{8FF41627-EA86-48F7-804B-E695D0E32A13}.Debug|Any CPU.Build.0 = Debug|Any CPU
		{8FF41627-EA86-48F7-804B-E695D0E32A13}.Release|Any CPU.ActiveCfg = Release|Any CPU
		{8FF41627-EA86-48F7-804B-E695D0E32A13}.Release|Any CPU.Build.0 = Release|Any CPU
		{3A29602E-8F32-45CA-9319-B890E2CF3484}.Debug|Any CPU.ActiveCfg = Debug|Any CPU
		{3A29602E-8F32-45CA-9319-B890E2CF3484}.Debug|Any CPU.Build.0 = Debug|Any CPU
		{3A29602E-8F32-45CA-9319-B890E2CF3484}.Release|Any CPU.ActiveCfg = Release|Any CPU
		{3A29602E-8F32-45CA-9319-B890E2CF3484}.Release|Any CPU.Build.0 = Release|Any CPU
		{13A07F27-08CE-4A28-A5B9-D2E7E4E13724}.Debug|Any CPU.ActiveCfg = Debug|Any CPU
		{13A07F27-08CE-4A28-A5B9-D2E7E4E13724}.Debug|Any CPU.Build.0 = Debug|Any CPU
		{13A07F27-08CE-4A28-A5B9-D2E7E4E13724}.Release|Any CPU.ActiveCfg = Release|Any CPU
		{13A07F27-08CE-4A28-A5B9-D2E7E4E13724}.Release|Any CPU.Build.0 = Release|Any CPU
		{1B7BA388-DC5E-4E2F-B00A-113710BBBC7C}.Debug|Any CPU.ActiveCfg = Debug|Any CPU
		{1B7BA388-DC5E-4E2F-B00A-113710BBBC7C}.Debug|Any CPU.Build.0 = Debug|Any CPU
		{1B7BA388-DC5E-4E2F-B00A-113710BBBC7C}.Release|Any CPU.ActiveCfg = Release|Any CPU
		{1B7BA388-DC5E-4E2F-B00A-113710BBBC7C}.Release|Any CPU.Build.0 = Release|Any CPU
	EndGlobalSection
	GlobalSection(NestedProjects) = preSolution
		{1341E57B-51CF-4CED-81E0-88A9909E3933} = {8C81EAE9-533D-4FC3-92AF-39F793EBE43D}
		{B7403934-FB25-4660-ACFE-0534E63933B6} = {1341E57B-51CF-4CED-81E0-88A9909E3933}
		{8FF41627-EA86-48F7-804B-E695D0E32A13} = {1341E57B-51CF-4CED-81E0-88A9909E3933}
		{3A29602E-8F32-45CA-9319-B890E2CF3484} = {1341E57B-51CF-4CED-81E0-88A9909E3933}
		{2D08F51D-8E9E-4F3F-8445-3324C50ABAC9} = {8C81EAE9-533D-4FC3-92AF-39F793EBE43D}
		{13A07F27-08CE-4A28-A5B9-D2E7E4E13724} = {2D08F51D-8E9E-4F3F-8445-3324C50ABAC9}
		{1B7BA388-DC5E-4E2F-B00A-113710BBBC7C} = {E62AF5F9-D9DA-44A1-8888-CCBFFAE763E8}
	EndGlobalSection
EndGlobal
